
Microsoft Visual Studio Solution File, Format Version 12.00
# Visual Studio Version 17
VisualStudioVersion = 17.13.35931.197 d17.13
MinimumVisualStudioVersion = 10.0.40219.1
Project("{FAE04EC0-301F-11D3-BF4B-00C04F79EFBC}") = "ZenthosClient", "ZenthosClient.csproj", "{C0AD1E1A-DAC9-4D4C-B5AD-94FE60F582EE}"
EndProject
Global
	GlobalSection(SolutionConfigurationPlatforms) = preSolution
		Debug|Any CPU = Debug|Any CPU
		Release|Any CPU = Release|Any CPU
	EndGlobalSection
	GlobalSection(ProjectConfigurationPlatforms) = postSolution
		{C0AD1E1A-DAC9-4D4C-B5AD-94FE60F582EE}.Debug|Any CPU.ActiveCfg = Debug|Any CPU
		{C0AD1E1A-DAC9-4D4C-B5AD-94FE60F582EE}.Debug|Any CPU.Build.0 = Debug|Any CPU
		{C0AD1E1A-DAC9-4D4C-B5AD-94FE60F582EE}.Release|Any CPU.ActiveCfg = Release|Any CPU
		{C0AD1E1A-DAC9-4D4C-B5AD-94FE60F582EE}.Release|Any CPU.Build.0 = Release|Any CPU
	EndGlobalSection
	GlobalSection(SolutionProperties) = preSolution
		HideSolutionNode = FALSE
	EndGlobalSection
	GlobalSection(ExtensibilityGlobals) = postSolution
		SolutionGuid = {0CA5E74F-D7B5-43FB-9A5B-6334BCF83FE7}
	EndGlobalSection
EndGlobal
